{
  "name": "test-project",
  "version": "1.0.0",
  "lockfileVersion": 1,
  "requires": true,
  "dependencies": {
    "idyll-component": {
      "version": "1.2.2",
      "resolved": "https://registry.npmjs.org/idyll-component/-/idyll-component-1.2.2.tgz",
      "integrity": "sha512-GqZ3dJQYw9LYRyHz5iXtLP1zFwjS4BKh0on0ghP5g+MNwU9icCH3PCiWihH7Ux57YCy2vwVhIxiRNlN1FfkUDA==",
      "requires": {
        "scrollwatch": "^1.2.0"
      }
    },
    "react-simple-pie-chart": {
      "version": "0.4.1",
      "resolved": "https://registry.npmjs.org/react-simple-pie-chart/-/react-simple-pie-chart-0.4.1.tgz",
      "integrity": "sha1-0fTgkji0yeqfqlWq899XIcVtJsY="
    },
    "scrollwatch": {
      "version": "1.2.0",
      "resolved": "https://registry.npmjs.org/scrollwatch/-/scrollwatch-1.2.0.tgz",
      "integrity": "sha1-Pm4V20r3WDNU9AfbrUWppYqU+2Y="
    }
  }
}
