{
  "name": "idyll-docs",
  "version": "3.0.7",
  "lockfileVersion": 1,
  "requires": true,
  "dependencies": {
    "highlight.js": {
      "version": "9.12.0",
      "resolved": "https://registry.npmjs.org/highlight.js/-/highlight.js-9.12.0.tgz",
      "integrity": "sha1-5tnb5Xy+/mB1HwKvM2GVhwyQwB4="
    },
    "react-highlight": {
      "version": "0.12.0",
      "resolved": "https://registry.npmjs.org/react-highlight/-/react-highlight-0.12.0.tgz",
      "integrity": "sha512-j04EWbYOFM0PryhF5Vvl0FDa/dD3M6q0Sl+nFN9kTvWQ9hFkfISNNs85+ssL4TSkDM+4pQTpMdxlDRi8yfIxjw==",
      "requires": {
        "highlight.js": "9.12.0"
      }
    }
  }
}
